<?xml version="1.0" encoding="utf-8"?>
<Project ToolsVersion="4.0" xmlns="http://schemas.microsoft.com/developer/msbuild/2003">
  <ItemGroup>
    <Filter Include="resource files">
      <UniqueIdentifier>{67DA6AB6-F800-4c08-8B7A-83BB121AAD01}</UniqueIdentifier>
      <Extensions>rc;ico;cur;bmp;dlg;rc2;rct;bin;rgs;gif;jpg;jpeg;jpe;resx;tiff;tif;png;wav;mfcribbon-ms</Extensions>
    </Filter>
    <Filter Include="source files">
      <UniqueIdentifier>{4FC737F1-C7A5-4376-A066-2A32D752A2FF}</UniqueIdentifier>
      <Extensions>cpp;c;cc;cxx;c++;cppm;ixx;def;odl;idl;hpj;bat;asm;asmx</Extensions>
    </Filter>
    <Filter Include="header files">
      <UniqueIdentifier>{93995380-89BD-4b04-88EB-625FBE52EBFB}</UniqueIdentifier>
      <Extensions>h;hh;hpp;hxx;h++;hm;inl;inc;ipp;xsd</Extensions>
    </Filter>
  </ItemGroup>
  <ItemGroup>
    <ClCompile Include="main.cpp">
      <Filter>resource files</Filter>
    </ClCompile>
  </ItemGroup>
  <ItemGroup>
    <ClInclude Include="..\..\..\..\..\Documents\cg_code\include\GL\egl.h">
      <Filter>source files</Filter>
    </ClInclude>
    <ClInclude Include="..\..\..\..\..\Documents\cg_code\include\GL\egltypes.h">
      <Filter>source files</Filter>
    </ClInclude>
    <ClInclude Include="..\..\..\..\..\Documents\cg_code\include\GL\egl_1_0.h">
      <Filter>source files</Filter>
    </ClInclude>
    <ClInclude Include="..\..\..\..\..\Documents\cg_code\include\GL\freeglut.h">
      <Filter>source files</Filter>
    </ClInclude>
    <ClInclude Include="..\..\..\..\..\Documents\cg_code\include\GL\freeglut_ext.h">
      <Filter>source files</Filter>
    </ClInclude>
    <ClInclude Include="..\..\..\..\..\Documents\cg_code\include\GL\freeglut_std.h">
      <Filter>source files</Filter>
    </ClInclude>
    <ClInclude Include="..\..\..\..\..\Documents\cg_code\include\GL\gl.h">
      <Filter>source files</Filter>
    </ClInclude>
    <ClInclude Include="..\..\..\..\..\Documents\cg_code\include\GL\GLAux.h">
      <Filter>source files</Filter>
    </ClInclude>
    <ClInclude Include="..\..\..\..\..\Documents\cg_code\include\GL\glew.h">
      <Filter>source files</Filter>
    </ClInclude>
    <ClInclude Include="..\..\..\..\..\Documents\cg_code\include\GL\glext.h">
      <Filter>source files</Filter>
    </ClInclude>
    <ClInclude Include="..\..\..\..\..\Documents\cg_code\include\GL\glh_array.h">
      <Filter>source files</Filter>
    </ClInclude>
    <ClInclude Include="..\..\..\..\..\Documents\cg_code\include\GL\glh_convenience.h">
      <Filter>source files</Filter>
    </ClInclude>
    <ClInclude Include="..\..\..\..\..\Documents\cg_code\include\GL\glh_cube_map.h">
      <Filter>source files</Filter>
    </ClInclude>
    <ClInclude Include="..\..\..\..\..\Documents\cg_code\include\GL\glh_extensions.h">
      <Filter>source files</Filter>
    </ClInclude>
    <ClInclude Include="..\..\..\..\..\Documents\cg_code\include\GL\glh_genext.h">
      <Filter>source files</Filter>
    </ClInclude>
    <ClInclude Include="..\..\..\..\..\Documents\cg_code\include\GL\glh_glut.h">
      <Filter>source files</Filter>
    </ClInclude>
    <ClInclude Include="..\..\..\..\..\Documents\cg_code\include\GL\glh_glut2.h">
      <Filter>source files</Filter>
    </ClInclude>
    <ClInclude Include="..\..\..\..\..\Documents\cg_code\include\GL\glh_glut_callfunc.h">
      <Filter>source files</Filter>
    </ClInclude>
    <ClInclude Include="..\..\..\..\..\Documents\cg_code\include\GL\glh_glut_replay.h">
      <Filter>source files</Filter>
    </ClInclude>
    <ClInclude Include="..\..\..\..\..\Documents\cg_code\include\GL\glh_glut_text.h">
      <Filter>source files</Filter>
    </ClInclude>
    <ClInclude Include="..\..\..\..\..\Documents\cg_code\include\GL\glh_interactors.h">
      <Filter>source files</Filter>
    </ClInclude>
    <ClInclude Include="..\..\..\..\..\Documents\cg_code\include\GL\glh_linear.h">
      <Filter>source files</Filter>
    </ClInclude>
    <ClInclude Include="..\..\..\..\..\Documents\cg_code\include\GL\glh_mipmaps.h">
      <Filter>source files</Filter>
    </ClInclude>
    <ClInclude Include="..\..\..\..\..\Documents\cg_code\include\GL\glh_obs.h">
      <Filter>source files</Filter>
    </ClInclude>
    <ClInclude Include="..\..\..\..\..\Documents\cg_code\include\GL\glh_text.h">
      <Filter>source files</Filter>
    </ClInclude>
    <ClInclude Include="..\..\..\..\..\Documents\cg_code\include\GL\glui.h">
      <Filter>source files</Filter>
    </ClInclude>
    <ClInclude Include="..\..\..\..\..\Documents\cg_code\include\GL\glut.h">
      <Filter>source files</Filter>
    </ClInclude>
    <ClInclude Include="..\..\..\..\..\Documents\cg_code\include\GL\glut_org.h">
      <Filter>source files</Filter>
    </ClInclude>
    <ClInclude Include="..\..\..\..\..\Documents\cg_code\include\GL\glxew.h">
      <Filter>source files</Filter>
    </ClInclude>
    <ClInclude Include="..\..\..\..\..\Documents\cg_code\include\GL\gl_1_0.h">
      <Filter>source files</Filter>
    </ClInclude>
    <ClInclude Include="..\..\..\..\..\Documents\cg_code\include\GL\wglew.h">
      <Filter>source files</Filter>
    </ClInclude>
    <ClInclude Include="..\..\..\..\..\Documents\cg_code\include\GL\wglext.h">
      <Filter>source files</Filter>
    </ClInclude>
    <ClInclude Include="..\..\..\..\..\Documents\cg_code\include\GLFW\glfw3.h">
      <Filter>source files</Filter>
    </ClInclude>
    <ClInclude Include="..\..\..\..\..\Documents\cg_code\include\GLFW\glfw3native.h">
      <Filter>source files</Filter>
    </ClInclude>
    <ClInclude Include="..\..\..\..\..\Documents\cg_code\include\glm\common.hpp">
      <Filter>source files</Filter>
    </ClInclude>
    <ClInclude Include="..\..\..\..\..\Documents\cg_code\include\glm\detail\func_common.hpp">
      <Filter>source files</Filter>
    </ClInclude>
    <ClInclude Include="..\..\..\..\..\Documents\cg_code\include\glm\detail\func_exponential.hpp">
      <Filter>source files</Filter>
    </ClInclude>
    <ClInclude Include="..\..\..\..\..\Documents\cg_code\include\glm\detail\func_geometric.hpp">
      <Filter>source files</Filter>
    </ClInclude>
    <ClInclude Include="..\..\..\..\..\Documents\cg_code\include\glm\detail\func_integer.hpp">
      <Filter>source files</Filter>
    </ClInclude>
    <ClInclude Include="..\..\..\..\..\Documents\cg_code\include\glm\detail\func_matrix.hpp">
      <Filter>source files</Filter>
    </ClInclude>
    <ClInclude Include="..\..\..\..\..\Documents\cg_code\include\glm\detail\func_noise.hpp">
      <Filter>source files</Filter>
    </ClInclude>
    <ClInclude Include="..\..\..\..\..\Documents\cg_code\include\glm\detail\func_packing.hpp">
      <Filter>source files</Filter>
    </ClInclude>
    <ClInclude Include="..\..\..\..\..\Documents\cg_code\include\glm\detail\func_trigonometric.hpp">
      <Filter>source files</Filter>
    </ClInclude>
    <ClInclude Include="..\..\..\..\..\Documents\cg_code\include\glm\detail\func_vector_relational.hpp">
      <Filter>source files</Filter>
    </ClInclude>
    <ClInclude Include="..\..\..\..\..\Documents\cg_code\include\glm\detail\hint.hpp">
      <Filter>source files</Filter>
    </ClInclude>
    <ClInclude Include="..\..\..\..\..\Documents\cg_code\include\glm\detail\intrinsic_common.hpp">
      <Filter>source files</Filter>
    </ClInclude>
    <ClInclude Include="..\..\..\..\..\Documents\cg_code\include\glm\detail\intrinsic_exponential.hpp">
      <Filter>source files</Filter>
    </ClInclude>
    <ClInclude Include="..\..\..\..\..\Documents\cg_code\include\glm\detail\intrinsic_geometric.hpp">
      <Filter>source files</Filter>
    </ClInclude>
    <ClInclude Include="..\..\..\..\..\Documents\cg_code\include\glm\detail\intrinsic_integer.hpp">
      <Filter>source files</Filter>
    </ClInclude>
    <ClInclude Include="..\..\..\..\..\Documents\cg_code\include\glm\detail\intrinsic_matrix.hpp">
      <Filter>source files</Filter>
    </ClInclude>
    <ClInclude Include="..\..\..\..\..\Documents\cg_code\include\glm\detail\intrinsic_trigonometric.hpp">
      <Filter>source files</Filter>
    </ClInclude>
    <ClInclude Include="..\..\..\..\..\Documents\cg_code\include\glm\detail\intrinsic_vector_relational.hpp">
      <Filter>source files</Filter>
    </ClInclude>
    <ClInclude Include="..\..\..\..\..\Documents\cg_code\include\glm\detail\precision.hpp">
      <Filter>source files</Filter>
    </ClInclude>
    <ClInclude Include="..\..\..\..\..\Documents\cg_code\include\glm\detail\setup.hpp">
      <Filter>source files</Filter>
    </ClInclude>
    <ClInclude Include="..\..\..\..\..\Documents\cg_code\include\glm\detail\type_float.hpp">
      <Filter>source files</Filter>
    </ClInclude>
    <ClInclude Include="..\..\..\..\..\Documents\cg_code\include\glm\detail\type_gentype.hpp">
      <Filter>source files</Filter>
    </ClInclude>
    <ClInclude Include="..\..\..\..\..\Documents\cg_code\include\glm\detail\type_half.hpp">
      <Filter>source files</Filter>
    </ClInclude>
    <ClInclude Include="..\..\..\..\..\Documents\cg_code\include\glm\detail\type_int.hpp">
      <Filter>source files</Filter>
    </ClInclude>
    <ClInclude Include="..\..\..\..\..\Documents\cg_code\include\glm\detail\type_mat.hpp">
      <Filter>source files</Filter>
    </ClInclude>
    <ClInclude Include="..\..\..\..\..\Documents\cg_code\include\glm\detail\type_mat2x2.hpp">
      <Filter>source files</Filter>
    </ClInclude>
    <ClInclude Include="..\..\..\..\..\Documents\cg_code\include\glm\detail\type_mat2x3.hpp">
      <Filter>source files</Filter>
    </ClInclude>
    <ClInclude Include="..\..\..\..\..\Documents\cg_code\include\glm\detail\type_mat2x4.hpp">
      <Filter>source files</Filter>
    </ClInclude>
    <ClInclude Include="..\..\..\..\..\Documents\cg_code\include\glm\detail\type_mat3x2.hpp">
      <Filter>source files</Filter>
    </ClInclude>
    <ClInclude Include="..\..\..\..\..\Documents\cg_code\include\glm\detail\type_mat3x3.hpp">
      <Filter>source files</Filter>
    </ClInclude>
    <ClInclude Include="..\..\..\..\..\Documents\cg_code\include\glm\detail\type_mat3x4.hpp">
      <Filter>source files</Filter>
    </ClInclude>
    <ClInclude Include="..\..\..\..\..\Documents\cg_code\include\glm\detail\type_mat4x2.hpp">
      <Filter>source files</Filter>
    </ClInclude>
    <ClInclude Include="..\..\..\..\..\Documents\cg_code\include\glm\detail\type_mat4x3.hpp">
      <Filter>source files</Filter>
    </ClInclude>
    <ClInclude Include="..\..\..\..\..\Documents\cg_code\include\glm\detail\type_mat4x4.hpp">
      <Filter>source files</Filter>
    </ClInclude>
    <ClInclude Include="..\..\..\..\..\Documents\cg_code\include\glm\detail\type_vec.hpp">
      <Filter>source files</Filter>
    </ClInclude>
    <ClInclude Include="..\..\..\..\..\Documents\cg_code\include\glm\detail\type_vec1.hpp">
      <Filter>source files</Filter>
    </ClInclude>
    <ClInclude Include="..\..\..\..\..\Documents\cg_code\include\glm\detail\type_vec2.hpp">
      <Filter>source files</Filter>
    </ClInclude>
    <ClInclude Include="..\..\..\..\..\Documents\cg_code\include\glm\detail\type_vec3.hpp">
      <Filter>source files</Filter>
    </ClInclude>
    <ClInclude Include="..\..\..\..\..\Documents\cg_code\include\glm\detail\type_vec4.hpp">
      <Filter>source files</Filter>
    </ClInclude>
    <ClInclude Include="..\..\..\..\..\Documents\cg_code\include\glm\detail\_features.hpp">
      <Filter>source files</Filter>
    </ClInclude>
    <ClInclude Include="..\..\..\..\..\Documents\cg_code\include\glm\detail\_fixes.hpp">
      <Filter>source files</Filter>
    </ClInclude>
    <ClInclude Include="..\..\..\..\..\Documents\cg_code\include\glm\detail\_literals.hpp">
      <Filter>source files</Filter>
    </ClInclude>
    <ClInclude Include="..\..\..\..\..\Documents\cg_code\include\glm\detail\_noise.hpp">
      <Filter>source files</Filter>
    </ClInclude>
    <ClInclude Include="..\..\..\..\..\Documents\cg_code\include\glm\detail\_swizzle.hpp">
      <Filter>source files</Filter>
    </ClInclude>
    <ClInclude Include="..\..\..\..\..\Documents\cg_code\include\glm\detail\_swizzle_func.hpp">
      <Filter>source files</Filter>
    </ClInclude>
    <ClInclude Include="..\..\..\..\..\Documents\cg_code\include\glm\detail\_vectorize.hpp">
      <Filter>source files</Filter>
    </ClInclude>
    <ClInclude Include="..\..\..\..\..\Documents\cg_code\include\glm\exponential.hpp">
      <Filter>source files</Filter>
    </ClInclude>
    <ClInclude Include="..\..\..\..\..\Documents\cg_code\include\glm\ext.hpp">
      <Filter>source files</Filter>
    </ClInclude>
    <ClInclude Include="..\..\..\..\..\Documents\cg_code\include\glm\fwd.hpp">
      <Filter>source files</Filter>
    </ClInclude>
    <ClInclude Include="..\..\..\..\..\Documents\cg_code\include\glm\geometric.hpp">
      <Filter>source files</Filter>
    </ClInclude>
    <ClInclude Include="..\..\..\..\..\Documents\cg_code\include\glm\glm.hpp">
      <Filter>source files</Filter>
    </ClInclude>
    <ClInclude Include="..\..\..\..\..\Documents\cg_code\include\glm\gtc\constants.hpp">
      <Filter>source files</Filter>
    </ClInclude>
    <ClInclude Include="..\..\..\..\..\Documents\cg_code\include\glm\gtc\epsilon.hpp">
      <Filter>source files</Filter>
    </ClInclude>
    <ClInclude Include="..\..\..\..\..\Documents\cg_code\include\glm\gtc\matrix_access.hpp">
      <Filter>source files</Filter>
    </ClInclude>
    <ClInclude Include="..\..\..\..\..\Documents\cg_code\include\glm\gtc\matrix_integer.hpp">
      <Filter>source files</Filter>
    </ClInclude>
    <ClInclude Include="..\..\..\..\..\Documents\cg_code\include\glm\gtc\matrix_inverse.hpp">
      <Filter>source files</Filter>
    </ClInclude>
    <ClInclude Include="..\..\..\..\..\Documents\cg_code\include\glm\gtc\matrix_transform.hpp">
      <Filter>source files</Filter>
    </ClInclude>
    <ClInclude Include="..\..\..\..\..\Documents\cg_code\include\glm\gtc\noise.hpp">
      <Filter>source files</Filter>
    </ClInclude>
    <ClInclude Include="..\..\..\..\..\Documents\cg_code\include\glm\gtc\packing.hpp">
      <Filter>source files</Filter>
    </ClInclude>
    <ClInclude Include="..\..\..\..\..\Documents\cg_code\include\glm\gtc\quaternion.hpp">
      <Filter>source files</Filter>
    </ClInclude>
    <ClInclude Include="..\..\..\..\..\Documents\cg_code\include\glm\gtc\random.hpp">
      <Filter>source files</Filter>
    </ClInclude>
    <ClInclude Include="..\..\..\..\..\Documents\cg_code\include\glm\gtc\reciprocal.hpp">
      <Filter>source files</Filter>
    </ClInclude>
    <ClInclude Include="..\..\..\..\..\Documents\cg_code\include\glm\gtc\type_precision.hpp">
      <Filter>source files</Filter>
    </ClInclude>
    <ClInclude Include="..\..\..\..\..\Documents\cg_code\include\glm\gtc\type_ptr.hpp">
      <Filter>source files</Filter>
    </ClInclude>
    <ClInclude Include="..\..\..\..\..\Documents\cg_code\include\glm\gtc\ulp.hpp">
      <Filter>source files</Filter>
    </ClInclude>
    <ClInclude Include="..\..\..\..\..\Documents\cg_code\include\glm\gtx\associated_min_max.hpp">
      <Filter>source files</Filter>
    </ClInclude>
    <ClInclude Include="..\..\..\..\..\Documents\cg_code\include\glm\gtx\bit.hpp">
      <Filter>source files</Filter>
    </ClInclude>
    <ClInclude Include="..\..\..\..\..\Documents\cg_code\include\glm\gtx\closest_point.hpp">
      <Filter>source files</Filter>
    </ClInclude>
    <ClInclude Include="..\..\..\..\..\Documents\cg_code\include\glm\gtx\color_space.hpp">
      <Filter>source files</Filter>
    </ClInclude>
    <ClInclude Include="..\..\..\..\..\Documents\cg_code\include\glm\gtx\color_space_YCoCg.hpp">
      <Filter>source files</Filter>
    </ClInclude>
    <ClInclude Include="..\..\..\..\..\Documents\cg_code\include\glm\gtx\compatibility.hpp">
      <Filter>source files</Filter>
    </ClInclude>
    <ClInclude Include="..\..\..\..\..\Documents\cg_code\include\glm\gtx\component_wise.hpp">
      <Filter>source files</Filter>
    </ClInclude>
    <ClInclude Include="..\..\..\..\..\Documents\cg_code\include\glm\gtx\constants.hpp">
      <Filter>source files</Filter>
    </ClInclude>
    <ClInclude Include="..\..\..\..\..\Documents\cg_code\include\glm\gtx\dual_quaternion.hpp">
      <Filter>source files</Filter>
    </ClInclude>
    <ClInclude Include="..\..\..\..\..\Documents\cg_code\include\glm\gtx\epsilon.hpp">
      <Filter>source files</Filter>
    </ClInclude>
    <ClInclude Include="..\..\..\..\..\Documents\cg_code\include\glm\gtx\euler_angles.hpp">
      <Filter>source files</Filter>
    </ClInclude>
    <ClInclude Include="..\..\..\..\..\Documents\cg_code\include\glm\gtx\extend.hpp">
      <Filter>source files</Filter>
    </ClInclude>
    <ClInclude Include="..\..\..\..\..\Documents\cg_code\include\glm\gtx\extented_min_max.hpp">
      <Filter>source files</Filter>
    </ClInclude>
    <ClInclude Include="..\..\..\..\..\Documents\cg_code\include\glm\gtx\fast_exponential.hpp">
      <Filter>source files</Filter>
    </ClInclude>
    <ClInclude Include="..\..\..\..\..\Documents\cg_code\include\glm\gtx\fast_square_root.hpp">
      <Filter>source files</Filter>
    </ClInclude>
    <ClInclude Include="..\..\..\..\..\Documents\cg_code\include\glm\gtx\fast_trigonometry.hpp">
      <Filter>source files</Filter>
    </ClInclude>
    <ClInclude Include="..\..\..\..\..\Documents\cg_code\include\glm\gtx\gradient_paint.hpp">
      <Filter>source files</Filter>
    </ClInclude>
    <ClInclude Include="..\..\..\..\..\Documents\cg_code\include\glm\gtx\handed_coordinate_space.hpp">
      <Filter>source files</Filter>
    </ClInclude>
    <ClInclude Include="..\..\..\..\..\Documents\cg_code\include\glm\gtx\inertia.hpp">
      <Filter>source files</Filter>
    </ClInclude>
    <ClInclude Include="..\..\..\..\..\Documents\cg_code\include\glm\gtx\integer.hpp">
      <Filter>source files</Filter>
    </ClInclude>
    <ClInclude Include="..\..\..\..\..\Documents\cg_code\include\glm\gtx\intersect.hpp">
      <Filter>source files</Filter>
    </ClInclude>
    <ClInclude Include="..\..\..\..\..\Documents\cg_code\include\glm\gtx\int_10_10_10_2.hpp">
      <Filter>source files</Filter>
    </ClInclude>
    <ClInclude Include="..\..\..\..\..\Documents\cg_code\include\glm\gtx\io.hpp">
      <Filter>source files</Filter>
    </ClInclude>
    <ClInclude Include="..\..\..\..\..\Documents\cg_code\include\glm\gtx\log_base.hpp">
      <Filter>source files</Filter>
    </ClInclude>
    <ClInclude Include="..\..\..\..\..\Documents\cg_code\include\glm\gtx\matrix_cross_product.hpp">
      <Filter>source files</Filter>
    </ClInclude>
    <ClInclude Include="..\..\..\..\..\Documents\cg_code\include\glm\gtx\matrix_interpolation.hpp">
      <Filter>source files</Filter>
    </ClInclude>
    <ClInclude Include="..\..\..\..\..\Documents\cg_code\include\glm\gtx\matrix_major_storage.hpp">
      <Filter>source files</Filter>
    </ClInclude>
    <ClInclude Include="..\..\..\..\..\Documents\cg_code\include\glm\gtx\matrix_operation.hpp">
      <Filter>source files</Filter>
    </ClInclude>
    <ClInclude Include="..\..\..\..\..\Documents\cg_code\include\glm\gtx\matrix_query.hpp">
      <Filter>source files</Filter>
    </ClInclude>
    <ClInclude Include="..\..\..\..\..\Documents\cg_code\include\glm\gtx\matrix_transform_2d.hpp">
      <Filter>source files</Filter>
    </ClInclude>
    <ClInclude Include="..\..\..\..\..\Documents\cg_code\include\glm\gtx\mixed_product.hpp">
      <Filter>source files</Filter>
    </ClInclude>
    <ClInclude Include="..\..\..\..\..\Documents\cg_code\include\glm\gtx\multiple.hpp">
      <Filter>source files</Filter>
    </ClInclude>
    <ClInclude Include="..\..\..\..\..\Documents\cg_code\include\glm\gtx\noise.hpp">
      <Filter>source files</Filter>
    </ClInclude>
    <ClInclude Include="..\..\..\..\..\Documents\cg_code\include\glm\gtx\norm.hpp">
      <Filter>source files</Filter>
    </ClInclude>
    <ClInclude Include="..\..\..\..\..\Documents\cg_code\include\glm\gtx\normal.hpp">
      <Filter>source files</Filter>
    </ClInclude>
    <ClInclude Include="..\..\..\..\..\Documents\cg_code\include\glm\gtx\normalize_dot.hpp">
      <Filter>source files</Filter>
    </ClInclude>
    <ClInclude Include="..\..\..\..\..\Documents\cg_code\include\glm\gtx\number_precision.hpp">
      <Filter>source files</Filter>
    </ClInclude>
    <ClInclude Include="..\..\..\..\..\Documents\cg_code\include\glm\gtx\optimum_pow.hpp">
      <Filter>source files</Filter>
    </ClInclude>
    <ClInclude Include="..\..\..\..\..\Documents\cg_code\include\glm\gtx\orthonormalize.hpp">
      <Filter>source files</Filter>
    </ClInclude>
    <ClInclude Include="..\..\..\..\..\Documents\cg_code\include\glm\gtx\perpendicular.hpp">
      <Filter>source files</Filter>
    </ClInclude>
    <ClInclude Include="..\..\..\..\..\Documents\cg_code\include\glm\gtx\polar_coordinates.hpp">
      <Filter>source files</Filter>
    </ClInclude>
    <ClInclude Include="..\..\..\..\..\Documents\cg_code\include\glm\gtx\projection.hpp">
      <Filter>source files</Filter>
    </ClInclude>
    <ClInclude Include="..\..\..\..\..\Documents\cg_code\include\glm\gtx\quaternion.hpp">
      <Filter>source files</Filter>
    </ClInclude>
    <ClInclude Include="..\..\..\..\..\Documents\cg_code\include\glm\gtx\random.hpp">
      <Filter>source files</Filter>
    </ClInclude>
    <ClInclude Include="..\..\..\..\..\Documents\cg_code\include\glm\gtx\raw_data.hpp">
      <Filter>source files</Filter>
    </ClInclude>
    <ClInclude Include="..\..\..\..\..\Documents\cg_code\include\glm\gtx\reciprocal.hpp">
      <Filter>source files</Filter>
    </ClInclude>
    <ClInclude Include="..\..\..\..\..\Documents\cg_code\include\glm\gtx\rotate_normalized_axis.hpp">
      <Filter>source files</Filter>
    </ClInclude>
    <ClInclude Include="..\..\..\..\..\Documents\cg_code\include\glm\gtx\rotate_vector.hpp">
      <Filter>source files</Filter>
    </ClInclude>
    <ClInclude Include="..\..\..\..\..\Documents\cg_code\include\glm\gtx\scalar_relational.hpp">
      <Filter>source files</Filter>
    </ClInclude>
    <ClInclude Include="..\..\..\..\..\Documents\cg_code\include\glm\gtx\simd_mat4.hpp">
      <Filter>source files</Filter>
    </ClInclude>
    <ClInclude Include="..\..\..\..\..\Documents\cg_code\include\glm\gtx\simd_quat.hpp">
      <Filter>source files</Filter>
    </ClInclude>
    <ClInclude Include="..\..\..\..\..\Documents\cg_code\include\glm\gtx\simd_vec4.hpp">
      <Filter>source files</Filter>
    </ClInclude>
    <ClInclude Include="..\..\..\..\..\Documents\cg_code\include\glm\gtx\spline.hpp">
      <Filter>source files</Filter>
    </ClInclude>
    <ClInclude Include="..\..\..\..\..\Documents\cg_code\include\glm\gtx\std_based_type.hpp">
      <Filter>source files</Filter>
    </ClInclude>
    <ClInclude Include="..\..\..\..\..\Documents\cg_code\include\glm\gtx\string_cast.hpp">
      <Filter>source files</Filter>
    </ClInclude>
    <ClInclude Include="..\..\..\..\..\Documents\cg_code\include\glm\gtx\transform.hpp">
      <Filter>source files</Filter>
    </ClInclude>
    <ClInclude Include="..\..\..\..\..\Documents\cg_code\include\glm\gtx\transform2.hpp">
      <Filter>source files</Filter>
    </ClInclude>
    <ClInclude Include="..\..\..\..\..\Documents\cg_code\include\glm\gtx\ulp.hpp">
      <Filter>source files</Filter>
    </ClInclude>
    <ClInclude Include="..\..\..\..\..\Documents\cg_code\include\glm\gtx\unsigned_int.hpp">
      <Filter>source files</Filter>
    </ClInclude>
    <ClInclude Include="..\..\..\..\..\Documents\cg_code\include\glm\gtx\vec1.hpp">
      <Filter>source files</Filter>
    </ClInclude>
    <ClInclude Include="..\..\..\..\..\Documents\cg_code\include\glm\gtx\vector_angle.hpp">
      <Filter>source files</Filter>
    </ClInclude>
    <ClInclude Include="..\..\..\..\..\Documents\cg_code\include\glm\gtx\vector_query.hpp">
      <Filter>source files</Filter>
    </ClInclude>
    <ClInclude Include="..\..\..\..\..\Documents\cg_code\include\glm\gtx\wrap.hpp">
      <Filter>source files</Filter>
    </ClInclude>
    <ClInclude Include="..\..\..\..\..\Documents\cg_code\include\glm\integer.hpp">
      <Filter>source files</Filter>
    </ClInclude>
    <ClInclude Include="..\..\..\..\..\Documents\cg_code\include\glm\mat2x2.hpp">
      <Filter>source files</Filter>
    </ClInclude>
    <ClInclude Include="..\..\..\..\..\Documents\cg_code\include\glm\mat2x3.hpp">
      <Filter>source files</Filter>
    </ClInclude>
    <ClInclude Include="..\..\..\..\..\Documents\cg_code\include\glm\mat2x4.hpp">
      <Filter>source files</Filter>
    </ClInclude>
    <ClInclude Include="..\..\..\..\..\Documents\cg_code\include\glm\mat3x2.hpp">
      <Filter>source files</Filter>
    </ClInclude>
    <ClInclude Include="..\..\..\..\..\Documents\cg_code\include\glm\mat3x3.hpp">
      <Filter>source files</Filter>
    </ClInclude>
    <ClInclude Include="..\..\..\..\..\Documents\cg_code\include\glm\mat3x4.hpp">
      <Filter>source files</Filter>
    </ClInclude>
    <ClInclude Include="..\..\..\..\..\Documents\cg_code\include\glm\mat4x2.hpp">
      <Filter>source files</Filter>
    </ClInclude>
    <ClInclude Include="..\..\..\..\..\Documents\cg_code\include\glm\mat4x3.hpp">
      <Filter>source files</Filter>
    </ClInclude>
    <ClInclude Include="..\..\..\..\..\Documents\cg_code\include\glm\mat4x4.hpp">
      <Filter>source files</Filter>
    </ClInclude>
    <ClInclude Include="..\..\..\..\..\Documents\cg_code\include\glm\matrix.hpp">
      <Filter>source files</Filter>
    </ClInclude>
    <ClInclude Include="..\..\..\..\..\Documents\cg_code\include\glm\packing.hpp">
      <Filter>source files</Filter>
    </ClInclude>
    <ClInclude Include="..\..\..\..\..\Documents\cg_code\include\glm\trigonometric.hpp">
      <Filter>source files</Filter>
    </ClInclude>
    <ClInclude Include="..\..\..\..\..\Documents\cg_code\include\glm\vec2.hpp">
      <Filter>source files</Filter>
    </ClInclude>
    <ClInclude Include="..\..\..\..\..\Documents\cg_code\include\glm\vec3.hpp">
      <Filter>source files</Filter>
    </ClInclude>
    <ClInclude Include="..\..\..\..\..\Documents\cg_code\include\glm\vec4.hpp">
      <Filter>source files</Filter>
    </ClInclude>
    <ClInclude Include="..\..\..\..\..\Documents\cg_code\include\glm\vector_relational.hpp">
      <Filter>source files</Filter>
    </ClInclude>
  </ItemGroup>
  <ItemGroup>
    <None Include="..\..\..\..\..\Documents\cg_code\include\glm\detail\func_common.inl">
      <Filter>source files</Filter>
    </None>
    <None Include="..\..\..\..\..\Documents\cg_code\include\glm\detail\func_exponential.inl">
      <Filter>source files</Filter>
    </None>
    <None Include="..\..\..\..\..\Documents\cg_code\include\glm\detail\func_geometric.inl">
      <Filter>source files</Filter>
    </None>
    <None Include="..\..\..\..\..\Documents\cg_code\include\glm\detail\func_integer.inl">
      <Filter>source files</Filter>
    </None>
    <None Include="..\..\..\..\..\Documents\cg_code\include\glm\detail\func_matrix.inl">
      <Filter>source files</Filter>
    </None>
    <None Include="..\..\..\..\..\Documents\cg_code\include\glm\detail\func_noise.inl">
      <Filter>source files</Filter>
    </None>
    <None Include="..\..\..\..\..\Documents\cg_code\include\glm\detail\func_packing.inl">
      <Filter>source files</Filter>
    </None>
    <None Include="..\..\..\..\..\Documents\cg_code\include\glm\detail\func_trigonometric.inl">
      <Filter>source files</Filter>
    </None>
    <None Include="..\..\..\..\..\Documents\cg_code\include\glm\detail\func_vector_relational.inl">
      <Filter>source files</Filter>
    </None>
    <None Include="..\..\..\..\..\Documents\cg_code\include\glm\detail\intrinsic_common.inl">
      <Filter>source files</Filter>
    </None>
    <None Include="..\..\..\..\..\Documents\cg_code\include\glm\detail\intrinsic_exponential.inl">
      <Filter>source files</Filter>
    </None>
    <None Include="..\..\..\..\..\Documents\cg_code\include\glm\detail\intrinsic_geometric.inl">
      <Filter>source files</Filter>
    </None>
    <None Include="..\..\..\..\..\Documents\cg_code\include\glm\detail\intrinsic_integer.inl">
      <Filter>source files</Filter>
    </None>
    <None Include="..\..\..\..\..\Documents\cg_code\include\glm\detail\intrinsic_matrix.inl">
      <Filter>source files</Filter>
    </None>
    <None Include="..\..\..\..\..\Documents\cg_code\include\glm\detail\intrinsic_trigonometric.inl">
      <Filter>source files</Filter>
    </None>
    <None Include="..\..\..\..\..\Documents\cg_code\include\glm\detail\intrinsic_vector_relational.inl">
      <Filter>source files</Filter>
    </None>
    <None Include="..\..\..\..\..\Documents\cg_code\include\glm\detail\precision.inl">
      <Filter>source files</Filter>
    </None>
    <None Include="..\..\..\..\..\Documents\cg_code\include\glm\detail\type_gentype.inl">
      <Filter>source files</Filter>
    </None>
    <None Include="..\..\..\..\..\Documents\cg_code\include\glm\detail\type_half.inl">
      <Filter>source files</Filter>
    </None>
    <None Include="..\..\..\..\..\Documents\cg_code\include\glm\detail\type_mat.inl">
      <Filter>source files</Filter>
    </None>
    <None Include="..\..\..\..\..\Documents\cg_code\include\glm\detail\type_mat2x2.inl">
      <Filter>source files</Filter>
    </None>
    <None Include="..\..\..\..\..\Documents\cg_code\include\glm\detail\type_mat2x3.inl">
      <Filter>source files</Filter>
    </None>
    <None Include="..\..\..\..\..\Documents\cg_code\include\glm\detail\type_mat2x4.inl">
      <Filter>source files</Filter>
    </None>
    <None Include="..\..\..\..\..\Documents\cg_code\include\glm\detail\type_mat3x2.inl">
      <Filter>source files</Filter>
    </None>
    <None Include="..\..\..\..\..\Documents\cg_code\include\glm\detail\type_mat3x3.inl">
      <Filter>source files</Filter>
    </None>
    <None Include="..\..\..\..\..\Documents\cg_code\include\glm\detail\type_mat3x4.inl">
      <Filter>source files</Filter>
    </None>
    <None Include="..\..\..\..\..\Documents\cg_code\include\glm\detail\type_mat4x2.inl">
      <Filter>source files</Filter>
    </None>
    <None Include="..\..\..\..\..\Documents\cg_code\include\glm\detail\type_mat4x3.inl">
      <Filter>source files</Filter>
    </None>
    <None Include="..\..\..\..\..\Documents\cg_code\include\glm\detail\type_mat4x4.inl">
      <Filter>source files</Filter>
    </None>
    <None Include="..\..\..\..\..\Documents\cg_code\include\glm\detail\type_vec.inl">
      <Filter>source files</Filter>
    </None>
    <None Include="..\..\..\..\..\Documents\cg_code\include\glm\detail\type_vec1.inl">
      <Filter>source files</Filter>
    </None>
    <None Include="..\..\..\..\..\Documents\cg_code\include\glm\detail\type_vec2.inl">
      <Filter>source files</Filter>
    </None>
    <None Include="..\..\..\..\..\Documents\cg_code\include\glm\detail\type_vec3.inl">
      <Filter>source files</Filter>
    </None>
    <None Include="..\..\..\..\..\Documents\cg_code\include\glm\detail\type_vec4.inl">
      <Filter>source files</Filter>
    </None>
    <None Include="..\..\..\..\..\Documents\cg_code\include\glm\gtc\constants.inl">
      <Filter>source files</Filter>
    </None>
    <None Include="..\..\..\..\..\Documents\cg_code\include\glm\gtc\epsilon.inl">
      <Filter>source files</Filter>
    </None>
    <None Include="..\..\..\..\..\Documents\cg_code\include\glm\gtc\matrix_access.inl">
      <Filter>source files</Filter>
    </None>
    <None Include="..\..\..\..\..\Documents\cg_code\include\glm\gtc\matrix_inverse.inl">
      <Filter>source files</Filter>
    </None>
    <None Include="..\..\..\..\..\Documents\cg_code\include\glm\gtc\matrix_transform.inl">
      <Filter>source files</Filter>
    </None>
    <None Include="..\..\..\..\..\Documents\cg_code\include\glm\gtc\noise.inl">
      <Filter>source files</Filter>
    </None>
    <None Include="..\..\..\..\..\Documents\cg_code\include\glm\gtc\packing.inl">
      <Filter>source files</Filter>
    </None>
    <None Include="..\..\..\..\..\Documents\cg_code\include\glm\gtc\quaternion.inl">
      <Filter>source files</Filter>
    </None>
    <None Include="..\..\..\..\..\Documents\cg_code\include\glm\gtc\random.inl">
      <Filter>source files</Filter>
    </None>
    <None Include="..\..\..\..\..\Documents\cg_code\include\glm\gtc\reciprocal.inl">
      <Filter>source files</Filter>
    </None>
    <None Include="..\..\..\..\..\Documents\cg_code\include\glm\gtc\type_precision.inl">
      <Filter>source files</Filter>
    </None>
    <None Include="..\..\..\..\..\Documents\cg_code\include\glm\gtc\type_ptr.inl">
      <Filter>source files</Filter>
    </None>
    <None Include="..\..\..\..\..\Documents\cg_code\include\glm\gtc\ulp.inl">
      <Filter>source files</Filter>
    </None>
    <None Include="..\..\..\..\..\Documents\cg_code\include\glm\gtx\associated_min_max.inl">
      <Filter>source files</Filter>
    </None>
    <None Include="..\..\..\..\..\Documents\cg_code\include\glm\gtx\bit.inl">
      <Filter>source files</Filter>
    </None>
    <None Include="..\..\..\..\..\Documents\cg_code\include\glm\gtx\closest_point.inl">
      <Filter>source files</Filter>
    </None>
    <None Include="..\..\..\..\..\Documents\cg_code\include\glm\gtx\color_space.inl">
      <Filter>source files</Filter>
    </None>
    <None Include="..\..\..\..\..\Documents\cg_code\include\glm\gtx\color_space_YCoCg.inl">
      <Filter>source files</Filter>
    </None>
    <None Include="..\..\..\..\..\Documents\cg_code\include\glm\gtx\compatibility.inl">
      <Filter>source files</Filter>
    </None>
    <None Include="..\..\..\..\..\Documents\cg_code\include\glm\gtx\component_wise.inl">
      <Filter>source files</Filter>
    </None>
    <None Include="..\..\..\..\..\Documents\cg_code\include\glm\gtx\dual_quaternion.inl">
      <Filter>source files</Filter>
    </None>
    <None Include="..\..\..\..\..\Documents\cg_code\include\glm\gtx\euler_angles.inl">
      <Filter>source files</Filter>
    </None>
    <None Include="..\..\..\..\..\Documents\cg_code\include\glm\gtx\extend.inl">
      <Filter>source files</Filter>
    </None>
    <None Include="..\..\..\..\..\Documents\cg_code\include\glm\gtx\extented_min_max.inl">
      <Filter>source files</Filter>
    </None>
    <None Include="..\..\..\..\..\Documents\cg_code\include\glm\gtx\fast_exponential.inl">
      <Filter>source files</Filter>
    </None>
    <None Include="..\..\..\..\..\Documents\cg_code\include\glm\gtx\fast_square_root.inl">
      <Filter>source files</Filter>
    </None>
    <None Include="..\..\..\..\..\Documents\cg_code\include\glm\gtx\fast_trigonometry.inl">
      <Filter>source files</Filter>
    </None>
    <None Include="..\..\..\..\..\Documents\cg_code\include\glm\gtx\gradient_paint.inl">
      <Filter>source files</Filter>
    </None>
    <None Include="..\..\..\..\..\Documents\cg_code\include\glm\gtx\handed_coordinate_space.inl">
      <Filter>source files</Filter>
    </None>
    <None Include="..\..\..\..\..\Documents\cg_code\include\glm\gtx\inertia.inl">
      <Filter>source files</Filter>
    </None>
    <None Include="..\..\..\..\..\Documents\cg_code\include\glm\gtx\integer.inl">
      <Filter>source files</Filter>
    </None>
    <None Include="..\..\..\..\..\Documents\cg_code\include\glm\gtx\intersect.inl">
      <Filter>source files</Filter>
    </None>
    <None Include="..\..\..\..\..\Documents\cg_code\include\glm\gtx\int_10_10_10_2.inl">
      <Filter>source files</Filter>
    </None>
    <None Include="..\..\..\..\..\Documents\cg_code\include\glm\gtx\io.inl">
      <Filter>source files</Filter>
    </None>
    <None Include="..\..\..\..\..\Documents\cg_code\include\glm\gtx\log_base.inl">
      <Filter>source files</Filter>
    </None>
    <None Include="..\..\..\..\..\Documents\cg_code\include\glm\gtx\matrix_cross_product.inl">
      <Filter>source files</Filter>
    </None>
    <None Include="..\..\..\..\..\Documents\cg_code\include\glm\gtx\matrix_interpolation.inl">
      <Filter>source files</Filter>
    </None>
    <None Include="..\..\..\..\..\Documents\cg_code\include\glm\gtx\matrix_major_storage.inl">
      <Filter>source files</Filter>
    </None>
    <None Include="..\..\..\..\..\Documents\cg_code\include\glm\gtx\matrix_operation.inl">
      <Filter>source files</Filter>
    </None>
    <None Include="..\..\..\..\..\Documents\cg_code\include\glm\gtx\matrix_query.inl">
      <Filter>source files</Filter>
    </None>
    <None Include="..\..\..\..\..\Documents\cg_code\include\glm\gtx\matrix_transform_2d.inl">
      <Filter>source files</Filter>
    </None>
    <None Include="..\..\..\..\..\Documents\cg_code\include\glm\gtx\mixed_product.inl">
      <Filter>source files</Filter>
    </None>
    <None Include="..\..\..\..\..\Documents\cg_code\include\glm\gtx\multiple.inl">
      <Filter>source files</Filter>
    </None>
    <None Include="..\..\..\..\..\Documents\cg_code\include\glm\gtx\norm.inl">
      <Filter>source files</Filter>
    </None>
    <None Include="..\..\..\..\..\Documents\cg_code\include\glm\gtx\normal.inl">
      <Filter>source files</Filter>
    </None>
    <None Include="..\..\..\..\..\Documents\cg_code\include\glm\gtx\normalize_dot.inl">
      <Filter>source files</Filter>
    </None>
    <None Include="..\..\..\..\..\Documents\cg_code\include\glm\gtx\number_precision.inl">
      <Filter>source files</Filter>
    </None>
    <None Include="..\..\..\..\..\Documents\cg_code\include\glm\gtx\optimum_pow.inl">
      <Filter>source files</Filter>
    </None>
    <None Include="..\..\..\..\..\Documents\cg_code\include\glm\gtx\orthonormalize.inl">
      <Filter>source files</Filter>
    </None>
    <None Include="..\..\..\..\..\Documents\cg_code\include\glm\gtx\perpendicular.inl">
      <Filter>source files</Filter>
    </None>
    <None Include="..\..\..\..\..\Documents\cg_code\include\glm\gtx\polar_coordinates.inl">
      <Filter>source files</Filter>
    </None>
    <None Include="..\..\..\..\..\Documents\cg_code\include\glm\gtx\projection.inl">
      <Filter>source files</Filter>
    </None>
    <None Include="..\..\..\..\..\Documents\cg_code\include\glm\gtx\quaternion.inl">
      <Filter>source files</Filter>
    </None>
    <None Include="..\..\..\..\..\Documents\cg_code\include\glm\gtx\raw_data.inl">
      <Filter>source files</Filter>
    </None>
    <None Include="..\..\..\..\..\Documents\cg_code\include\glm\gtx\rotate_normalized_axis.inl">
      <Filter>source files</Filter>
    </None>
    <None Include="..\..\..\..\..\Documents\cg_code\include\glm\gtx\rotate_vector.inl">
      <Filter>source files</Filter>
    </None>
    <None Include="..\..\..\..\..\Documents\cg_code\include\glm\gtx\scalar_relational.inl">
      <Filter>source files</Filter>
    </None>
    <None Include="..\..\..\..\..\Documents\cg_code\include\glm\gtx\simd_mat4.inl">
      <Filter>source files</Filter>
    </None>
    <None Include="..\..\..\..\..\Documents\cg_code\include\glm\gtx\simd_quat.inl">
      <Filter>source files</Filter>
    </None>
    <None Include="..\..\..\..\..\Documents\cg_code\include\glm\gtx\simd_vec4.inl">
      <Filter>source files</Filter>
    </None>
    <None Include="..\..\..\..\..\Documents\cg_code\include\glm\gtx\spline.inl">
      <Filter>source files</Filter>
    </None>
    <None Include="..\..\..\..\..\Documents\cg_code\include\glm\gtx\std_based_type.inl">
      <Filter>source files</Filter>
    </None>
    <None Include="..\..\..\..\..\Documents\cg_code\include\glm\gtx\string_cast.inl">
      <Filter>source files</Filter>
    </None>
    <None Include="..\..\..\..\..\Documents\cg_code\include\glm\gtx\transform.inl">
      <Filter>source files</Filter>
    </None>
    <None Include="..\..\..\..\..\Documents\cg_code\include\glm\gtx\transform2.inl">
      <Filter>source files</Filter>
    </None>
    <None Include="..\..\..\..\..\Documents\cg_code\include\glm\gtx\unsigned_int.inl">
      <Filter>source files</Filter>
    </None>
    <None Include="..\..\..\..\..\Documents\cg_code\include\glm\gtx\vec1.inl">
      <Filter>source files</Filter>
    </None>
    <None Include="..\..\..\..\..\Documents\cg_code\include\glm\gtx\vector_angle.inl">
      <Filter>source files</Filter>
    </None>
    <None Include="..\..\..\..\..\Documents\cg_code\include\glm\gtx\vector_query.inl">
      <Filter>source files</Filter>
    </None>
    <None Include="..\..\..\..\..\Documents\cg_code\include\glm\gtx\wrap.inl">
      <Filter>source files</Filter>
    </None>
  </ItemGroup>
</Project>